
Microsoft Visual Studio Solution File, Format Version 11.00
# Visual Studio 2010
Project("{FAE04EC0-301F-11D3-BF4B-00C04F79EFBC}") = "Products.AngularJS.Web", "Products.AngularJS.Web\Products.AngularJS.Web.csproj", "{BF8F04B1-7F83-48E8-8399-C3F4DCB1BBA0}"
EndProject
Project("{FAE04EC0-301F-11D3-BF4B-00C04F79EFBC}") = "Products.AngularJS.Library", "Products.AngularJS.Library\Products.AngularJS.Library.csproj", "{8929A01E-9DB0-405A-93C3-3DAF04C404A2}"
EndProject
Project("{FAE04EC0-301F-11D3-BF4B-00C04F79EFBC}") = "Products.AngularJS.Data", "Products.AngularJS.Data\Products.AngularJS.Data.csproj", "{3049870C-ADC7-4C48-84AA-BACAFC07C13E}"
EndProject
Project("{2150E333-8FDC-42A3-9474-1A3956D46DE8}") = "Database", "Database", "{8C23C6C4-6EDC-4FCE-A25E-BA4609B5DA80}"
EndProject
Global
	GlobalSection(SolutionConfigurationPlatforms) = preSolution
		Debug|Any CPU = Debug|Any CPU
		Release|Any CPU = Release|Any CPU
	EndGlobalSection
	GlobalSection(ProjectConfigurationPlatforms) = postSolution
		{BF8F04B1-7F83-48E8-8399-C3F4DCB1BBA0}.Debug|Any CPU.ActiveCfg = Debug|Any CPU
		{BF8F04B1-7F83-48E8-8399-C3F4DCB1BBA0}.Debug|Any CPU.Build.0 = Debug|Any CPU
		{BF8F04B1-7F83-48E8-8399-C3F4DCB1BBA0}.Release|Any CPU.ActiveCfg = Release|Any CPU
		{BF8F04B1-7F83-48E8-8399-C3F4DCB1BBA0}.Release|Any CPU.Build.0 = Release|Any CPU
		{8929A01E-9DB0-405A-93C3-3DAF04C404A2}.Debug|Any CPU.ActiveCfg = Debug|Any CPU
		{8929A01E-9DB0-405A-93C3-3DAF04C404A2}.Debug|Any CPU.Build.0 = Debug|Any CPU
		{8929A01E-9DB0-405A-93C3-3DAF04C404A2}.Release|Any CPU.ActiveCfg = Release|Any CPU
		{8929A01E-9DB0-405A-93C3-3DAF04C404A2}.Release|Any CPU.Build.0 = Release|Any CPU
		{3049870C-ADC7-4C48-84AA-BACAFC07C13E}.Debug|Any CPU.ActiveCfg = Debug|Any CPU
		{3049870C-ADC7-4C48-84AA-BACAFC07C13E}.Debug|Any CPU.Build.0 = Debug|Any CPU
		{3049870C-ADC7-4C48-84AA-BACAFC07C13E}.Release|Any CPU.ActiveCfg = Release|Any CPU
		{3049870C-ADC7-4C48-84AA-BACAFC07C13E}.Release|Any CPU.Build.0 = Release|Any CPU
	EndGlobalSection
	GlobalSection(SolutionProperties) = preSolution
		HideSolutionNode = FALSE
	EndGlobalSection
EndGlobal
